
Microsoft Visual Studio Solution File, Format Version 12.00
# Visual Studio Version 16
VisualStudioVersion = 16.0.31019.35
MinimumVisualStudioVersion = 10.0.40219.1
Project("{FAE04EC0-301F-11D3-BF4B-00C04F79EFBC}") = "LabPIS", "LabPIS\LabPIS.csproj", "{FDC68311-3765-4CA5-BFAF-ABD9A7ACA902}"
EndProject
Global
	GlobalSection(SolutionConfigurationPlatforms) = preSolution
		Debug|Any CPU = Debug|Any CPU
		Release|Any CPU = Release|Any CPU
	EndGlobalSection
	GlobalSection(ProjectConfigurationPlatforms) = postSolution
		{FDC68311-3765-4CA5-BFAF-ABD9A7ACA902}.Debug|Any CPU.ActiveCfg = Debug|Any CPU
		{FDC68311-3765-4CA5-BFAF-ABD9A7ACA902}.Debug|Any CPU.Build.0 = Debug|Any CPU
		{FDC68311-3765-4CA5-BFAF-ABD9A7ACA902}.Release|Any CPU.ActiveCfg = Release|Any CPU
		{FDC68311-3765-4CA5-BFAF-ABD9A7ACA902}.Release|Any CPU.Build.0 = Release|Any CPU
	EndGlobalSection
	GlobalSection(SolutionProperties) = preSolution
		HideSolutionNode = FALSE
	EndGlobalSection
	GlobalSection(ExtensibilityGlobals) = postSolution
		SolutionGuid = {3A908FA2-E94F-4538-8144-11E88B121788}
	EndGlobalSection
EndGlobal
